
Microsoft Visual Studio Solution File, Format Version 12.00
# Visual Studio Version 17
VisualStudioVersion = 17.9.34728.123
MinimumVisualStudioVersion = 10.0.40219.1
Project("{888888A0-9F3D-457C-B088-3A5042F75D52}") = "AdventureGame", "AdventureGame\AdventureGame.pyproj", "{183EE71A-5AC3-45D2-8778-030D9299A2CD}"
EndProject
Global
	GlobalSection(SolutionConfigurationPlatforms) = preSolution
		Debug|Any CPU = Debug|Any CPU
		Release|Any CPU = Release|Any CPU
	EndGlobalSection
	GlobalSection(ProjectConfigurationPlatforms) = postSolution
		{183EE71A-5AC3-45D2-8778-030D9299A2CD}.Debug|Any CPU.ActiveCfg = Debug|Any CPU
		{183EE71A-5AC3-45D2-8778-030D9299A2CD}.Release|Any CPU.ActiveCfg = Release|Any CPU
	EndGlobalSection
	GlobalSection(SolutionProperties) = preSolution
		HideSolutionNode = FALSE
	EndGlobalSection
	GlobalSection(ExtensibilityGlobals) = postSolution
		SolutionGuid = {BBA87A34-F91C-4D20-9315-454940E431B2}
	EndGlobalSection
EndGlobal
